
Microsoft Visual Studio Solution File, Format Version 12.00
# Visual Studio Version 16
VisualStudioVersion = 16.0.30320.27
MinimumVisualStudioVersion = 10.0.40219.1
Project("{8BC9CEB8-8B4A-11D0-8D11-00A0C91BC942}") = "超级战机", "超级战机.vcxproj", "{9397307D-73CF-4D08-9FFB-0A7E0331A8E3}"
	ProjectSection(ProjectDependencies) = postProject
		{DF460EAB-570D-4B50-9089-2E2FC801BF38} = {DF460EAB-570D-4B50-9089-2E2FC801BF38}
	EndProjectSection
EndProject
Project("{8BC9CEB8-8B4A-11D0-8D11-00A0C91BC942}") = "Effects11", "Effects11\Effects11_2010.vcxproj", "{DF460EAB-570D-4B50-9089-2E2FC801BF38}"
EndProject
Global
	GlobalSection(SolutionConfigurationPlatforms) = preSolution
		Debug|x64 = Debug|x64
		Debug|x86 = Debug|x86
		Profile|x64 = Profile|x64
		Profile|x86 = Profile|x86
		Release|x64 = Release|x64
		Release|x86 = Release|x86
	EndGlobalSection
	GlobalSection(ProjectConfigurationPlatforms) = postSolution
		{9397307D-73CF-4D08-9FFB-0A7E0331A8E3}.Debug|x64.ActiveCfg = Debug|x64
		{9397307D-73CF-4D08-9FFB-0A7E0331A8E3}.Debug|x64.Build.0 = Debug|x64
		{9397307D-73CF-4D08-9FFB-0A7E0331A8E3}.Debug|x86.ActiveCfg = Debug|Win32
		{9397307D-73CF-4D08-9FFB-0A7E0331A8E3}.Debug|x86.Build.0 = Debug|Win32
		{9397307D-73CF-4D08-9FFB-0A7E0331A8E3}.Profile|x64.ActiveCfg = Release|x64
		{9397307D-73CF-4D08-9FFB-0A7E0331A8E3}.Profile|x64.Build.0 = Release|x64
		{9397307D-73CF-4D08-9FFB-0A7E0331A8E3}.Profile|x86.ActiveCfg = Release|Win32
		{9397307D-73CF-4D08-9FFB-0A7E0331A8E3}.Profile|x86.Build.0 = Release|Win32
		{9397307D-73CF-4D08-9FFB-0A7E0331A8E3}.Release|x64.ActiveCfg = Release|x64
		{9397307D-73CF-4D08-9FFB-0A7E0331A8E3}.Release|x64.Build.0 = Release|x64
		{9397307D-73CF-4D08-9FFB-0A7E0331A8E3}.Release|x86.ActiveCfg = Release|Win32
		{9397307D-73CF-4D08-9FFB-0A7E0331A8E3}.Release|x86.Build.0 = Release|Win32
		{DF460EAB-570D-4B50-9089-2E2FC801BF38}.Debug|x64.ActiveCfg = Debug|x64
		{DF460EAB-570D-4B50-9089-2E2FC801BF38}.Debug|x64.Build.0 = Debug|x64
		{DF460EAB-570D-4B50-9089-2E2FC801BF38}.Debug|x86.ActiveCfg = Debug|Win32
		{DF460EAB-570D-4B50-9089-2E2FC801BF38}.Debug|x86.Build.0 = Debug|Win32
		{DF460EAB-570D-4B50-9089-2E2FC801BF38}.Profile|x64.ActiveCfg = Profile|x64
		{DF460EAB-570D-4B50-9089-2E2FC801BF38}.Profile|x64.Build.0 = Profile|x64
		{DF460EAB-570D-4B50-9089-2E2FC801BF38}.Profile|x86.ActiveCfg = Profile|Win32
		{DF460EAB-570D-4B50-9089-2E2FC801BF38}.Profile|x86.Build.0 = Profile|Win32
		{DF460EAB-570D-4B50-9089-2E2FC801BF38}.Release|x64.ActiveCfg = Release|x64
		{DF460EAB-570D-4B50-9089-2E2FC801BF38}.Release|x64.Build.0 = Release|x64
		{DF460EAB-570D-4B50-9089-2E2FC801BF38}.Release|x86.ActiveCfg = Release|Win32
		{DF460EAB-570D-4B50-9089-2E2FC801BF38}.Release|x86.Build.0 = Release|Win32
	EndGlobalSection
	GlobalSection(SolutionProperties) = preSolution
		HideSolutionNode = FALSE
	EndGlobalSection
	GlobalSection(ExtensibilityGlobals) = postSolution
		SolutionGuid = {7B385E6F-7E7C-4D1C-92D7-CA51773807E1}
	EndGlobalSection
EndGlobal
