<?xml version="1.0" encoding="utf-8"?>
<Project ToolsVersion="4.0" xmlns="http://schemas.microsoft.com/developer/msbuild/2003">
  <ItemGroup>
    <Filter Include="源文件">
      <UniqueIdentifier>{4FC737F1-C7A5-4376-A066-2A32D752A2FF}</UniqueIdentifier>
      <Extensions>cpp;c;cc;cxx;def;odl;idl;hpj;bat;asm;asmx</Extensions>
    </Filter>
    <Filter Include="头文件">
      <UniqueIdentifier>{93995380-89BD-4b04-88EB-625FBE52EBFB}</UniqueIdentifier>
      <Extensions>h;hh;hpp;hxx;hm;inl;inc;xsd</Extensions>
    </Filter>
    <Filter Include="资源文件">
      <UniqueIdentifier>{67DA6AB6-F800-4c08-8B7A-83BB121AAD01}</UniqueIdentifier>
      <Extensions>rc;ico;cur;bmp;dlg;rc2;rct;bin;rgs;gif;jpg;jpeg;jpe;resx;tiff;tif;png;wav;mfcribbon-ms</Extensions>
    </Filter>
    <Filter Include="HLSL">
      <UniqueIdentifier>{40410326-894c-4e9d-908f-93b41af1d1cb}</UniqueIdentifier>
    </Filter>
    <Filter Include="Data">
      <UniqueIdentifier>{453224ef-5410-4ead-a4ce-dcea635ef9fe}</UniqueIdentifier>
    </Filter>
  </ItemGroup>
  <ItemGroup>
    <ClCompile Include="d2dText.cpp">
      <Filter>源文件</Filter>
    </ClCompile>
    <ClCompile Include="XUtility.cpp">
      <Filter>源文件</Filter>
    </ClCompile>
    <ClCompile Include="Sprite.cpp">
      <Filter>源文件</Filter>
    </ClCompile>
    <ClCompile Include="MKInput.cpp">
      <Filter>源文件</Filter>
    </ClCompile>
    <ClCompile Include="MathHelper.cpp">
      <Filter>源文件</Filter>
    </ClCompile>
    <ClCompile Include="GameTimer.cpp">
      <Filter>源文件</Filter>
    </ClCompile>
    <ClCompile Include="GameApp.cpp">
      <Filter>源文件</Filter>
    </ClCompile>
    <ClCompile Include="d3dUtil.cpp">
      <Filter>源文件</Filter>
    </ClCompile>
    <ClCompile Include="d3dApp.cpp">
      <Filter>源文件</Filter>
    </ClCompile>
    <ClCompile Include="Main.cpp">
      <Filter>源文件</Filter>
    </ClCompile>
    <ClCompile Include="PlaneManager.cpp">
      <Filter>源文件</Filter>
    </ClCompile>
    <ClCompile Include="DirectSound.cpp">
      <Filter>源文件</Filter>
    </ClCompile>
  </ItemGroup>
  <ItemGroup>
    <ClInclude Include="d2dText.h">
      <Filter>头文件</Filter>
    </ClInclude>
    <ClInclude Include="d3dApp.h">
      <Filter>头文件</Filter>
    </ClInclude>
    <ClInclude Include="d3dUtil.h">
      <Filter>头文件</Filter>
    </ClInclude>
    <ClInclude Include="GameApp.h">
      <Filter>头文件</Filter>
    </ClInclude>
    <ClInclude Include="GameTimer.h">
      <Filter>头文件</Filter>
    </ClInclude>
    <ClInclude Include="MathHelper.h">
      <Filter>头文件</Filter>
    </ClInclude>
    <ClInclude Include="MKInput.h">
      <Filter>头文件</Filter>
    </ClInclude>
    <ClInclude Include="Sprite.h">
      <Filter>头文件</Filter>
    </ClInclude>
    <ClInclude Include="XUtility.h">
      <Filter>头文件</Filter>
    </ClInclude>
    <ClInclude Include="DirectSound.h">
      <Filter>头文件</Filter>
    </ClInclude>
    <ClInclude Include="PlaneManager.h">
      <Filter>头文件</Filter>
    </ClInclude>
  </ItemGroup>
  <ItemGroup>
    <FxCompile Include="HLSL\Basic.hlsl">
      <Filter>HLSL</Filter>
    </FxCompile>
  </ItemGroup>
  <ItemGroup>
    <None Include="HLSL\Basic.hlsli">
      <Filter>HLSL</Filter>
    </None>
  </ItemGroup>
  <ItemGroup>
    <Text Include="Data\EnemyInfo.txt">
      <Filter>Data</Filter>
    </Text>
    <Text Include="Data\EnemyLevel1.txt">
      <Filter>Data</Filter>
    </Text>
    <Text Include="Data\Parser.txt">
      <Filter>Data</Filter>
    </Text>
    <Text Include="Data\Stage1.txt">
      <Filter>Data</Filter>
    </Text>
    <Text Include="Data\Temp.txt">
      <Filter>Data</Filter>
    </Text>
    <Text Include="Data\EnemyLevel2.txt">
      <Filter>Data</Filter>
    </Text>
    <Text Include="Data\Stage2.txt">
      <Filter>Data</Filter>
    </Text>
    <Text Include="Data\EnemyLevel3.txt">
      <Filter>Data</Filter>
    </Text>
    <Text Include="Data\Stage3.txt">
      <Filter>Data</Filter>
    </Text>
    <Text Include="Data\EnemyLevel4.txt">
      <Filter>Data</Filter>
    </Text>
    <Text Include="Data\Stage4.txt">
      <Filter>Data</Filter>
    </Text>
    <Text Include="Data\EnemyLevel5.txt">
      <Filter>Data</Filter>
    </Text>
    <Text Include="Data\Stage5.txt">
      <Filter>Data</Filter>
    </Text>
    <Text Include="Data\EnemyLevel6.txt">
      <Filter>Data</Filter>
    </Text>
    <Text Include="Data\Stage6.txt">
      <Filter>Data</Filter>
    </Text>
    <Text Include="Data\EnemyLevel7.txt">
      <Filter>Data</Filter>
    </Text>
    <Text Include="Data\Stage7.txt">
      <Filter>Data</Filter>
    </Text>
  </ItemGroup>
  <ItemGroup>
    <Image Include="shield.png">
      <Filter>资源文件</Filter>
    </Image>
  </ItemGroup>
</Project>